// !$*UTF8*$!
{
	archiveVersion = 1;
	classes = {
	};
	objectVersion = 50;
	objects = {

/* Begin PBXBuildFile section */
		3095B4CE23CE6E1600248F4D /* Calculator.ttf in Resources */ = {isa = PBXBuildFile; fileRef = 3095B4CD23CE6E1600248F4D /* Calculator.ttf */; };
		F40FAB6323CACCD1005C7565 /* AppDelegate.swift in Sources */ = {isa = PBXBuildFile; fileRef = F40FAB6223CACCD1005C7565 /* AppDelegate.swift */; };
		F40FAB6523CACCD1005C7565 /* ViewController.swift in Sources */ = {isa = PBXBuildFile; fileRef = F40FAB6423CACCD1005C7565 /* ViewController.swift */; };
		F40FAB6823CACCD1005C7565 /* Main.storyboard in Resources */ = {isa = PBXBuildFile; fileRef = F40FAB6623CACCD1005C7565 /* Main.storyboard */; };
		F40FAB6A23CACCD2005C7565 /* Assets.xcassets in Resources */ = {isa = PBXBuildFile; fileRef = F40FAB6923CACCD2005C7565 /* Assets.xcassets */; };
		F40FAB6D23CACCD2005C7565 /* LaunchScreen.storyboard in Resources */ = {isa = PBXBuildFile; fileRef = F40FAB6B23CACCD2005C7565 /* LaunchScreen.storyboard */; };
		F40FAB7523CACE3C005C7565 /* SlotMachine.swift in Sources */ = {isa = PBXBuildFile; fileRef = F40FAB7423CACE3C005C7565 /* SlotMachine.swift */; };
		F40FAB7723CACE51005C7565 /* Player.swift in Sources */ = {isa = PBXBuildFile; fileRef = F40FAB7623CACE51005C7565 /* Player.swift */; };
		F40FAB7923CAE360005C7565 /* Exception.swift in Sources */ = {isa = PBXBuildFile; fileRef = F40FAB7823CAE360005C7565 /* Exception.swift */; };
		F40FAB7B23CAE6E6005C7565 /* PlayerStatistics.swift in Sources */ = {isa = PBXBuildFile; fileRef = F40FAB7A23CAE6E6005C7565 /* PlayerStatistics.swift */; };
		F41049D423CD470C00200A68 /* CustomButton.swift in Sources */ = {isa = PBXBuildFile; fileRef = F41049D323CD470C00200A68 /* CustomButton.swift */; };
/* End PBXBuildFile section */

/* Begin PBXFileReference section */
		3095B4CD23CE6E1600248F4D /* Calculator.ttf */ = {isa = PBXFileReference; lastKnownFileType = file; name = Calculator.ttf; path = ../../../../../../../Downloads/Calculator.ttf; sourceTree = "<group>"; };
		F40FAB5F23CACCD1005C7565 /* Slot_Machine.app */ = {isa = PBXFileReference; explicitFileType = wrapper.application; includeInIndex = 0; path = Slot_Machine.app; sourceTree = BUILT_PRODUCTS_DIR; };
		F40FAB6223CACCD1005C7565 /* AppDelegate.swift */ = {isa = PBXFileReference; lastKnownFileType = sourcecode.swift; path = AppDelegate.swift; sourceTree = "<group>"; };
		F40FAB6423CACCD1005C7565 /* ViewController.swift */ = {isa = PBXFileReference; lastKnownFileType = sourcecode.swift; path = ViewController.swift; sourceTree = "<group>"; };
		F40FAB6723CACCD1005C7565 /* Base */ = {isa = PBXFileReference; lastKnownFileType = file.storyboard; name = Base; path = Base.lproj/Main.storyboard; sourceTree = "<group>"; };
		F40FAB6923CACCD2005C7565 /* Assets.xcassets */ = {isa = PBXFileReference; lastKnownFileType = folder.assetcatalog; path = Assets.xcassets; sourceTree = "<group>"; };
		F40FAB6C23CACCD2005C7565 /* Base */ = {isa = PBXFileReference; lastKnownFileType = file.storyboard; name = Base; path = Base.lproj/LaunchScreen.storyboard; sourceTree = "<group>"; };
		F40FAB6E23CACCD2005C7565 /* Info.plist */ = {isa = PBXFileReference; lastKnownFileType = text.plist.xml; path = Info.plist; sourceTree = "<group>"; };
		F40FAB7423CACE3C005C7565 /* SlotMachine.swift */ = {isa = PBXFileReference; lastKnownFileType = sourcecode.swift; path = SlotMachine.swift; sourceTree = "<group>"; };
		F40FAB7623CACE51005C7565 /* Player.swift */ = {isa = PBXFileReference; lastKnownFileType = sourcecode.swift; path = Player.swift; sourceTree = "<group>"; };
		F40FAB7823CAE360005C7565 /* Exception.swift */ = {isa = PBXFileReference; lastKnownFileType = sourcecode.swift; path = Exception.swift; sourceTree = "<group>"; };
		F40FAB7A23CAE6E6005C7565 /* PlayerStatistics.swift */ = {isa = PBXFileReference; lastKnownFileType = sourcecode.swift; path = PlayerStatistics.swift; sourceTree = "<group>"; };
		F41049D323CD470C00200A68 /* CustomButton.swift */ = {isa = PBXFileReference; lastKnownFileType = sourcecode.swift; path = CustomButton.swift; sourceTree = "<group>"; };
/* End PBXFileReference section */

/* Begin PBXFrameworksBuildPhase section */
		F40FAB5C23CACCD1005C7565 /* Frameworks */ = {
			isa = PBXFrameworksBuildPhase;
			buildActionMask = 2147483647;
			files = (
			);
			runOnlyForDeploymentPostprocessing = 0;
		};
/* End PBXFrameworksBuildPhase section */

/* Begin PBXGroup section */
		F40FAB5623CACCD1005C7565 = {
			isa = PBXGroup;
			children = (
				F40FAB6123CACCD1005C7565 /* Slot_Machine */,
				F40FAB6023CACCD1005C7565 /* Products */,
			);
			sourceTree = "<group>";
		};
		F40FAB6023CACCD1005C7565 /* Products */ = {
			isa = PBXGroup;
			children = (
				F40FAB5F23CACCD1005C7565 /* Slot_Machine.app */,
			);
			name = Products;
			sourceTree = "<group>";
		};
		F40FAB6123CACCD1005C7565 /* Slot_Machine */ = {
			isa = PBXGroup;
			children = (
				F40FAB6223CACCD1005C7565 /* AppDelegate.swift */,
				F40FAB6423CACCD1005C7565 /* ViewController.swift */,
				F40FAB6623CACCD1005C7565 /* Main.storyboard */,
				F40FAB6923CACCD2005C7565 /* Assets.xcassets */,
				F40FAB6B23CACCD2005C7565 /* LaunchScreen.storyboard */,
				F40FAB6E23CACCD2005C7565 /* Info.plist */,
				F40FAB7423CACE3C005C7565 /* SlotMachine.swift */,
				F40FAB7623CACE51005C7565 /* Player.swift */,
				F40FAB7823CAE360005C7565 /* Exception.swift */,
				F40FAB7A23CAE6E6005C7565 /* PlayerStatistics.swift */,
				F41049D323CD470C00200A68 /* CustomButton.swift */,
				3095B4CD23CE6E1600248F4D /* Calculator.ttf */,
			);
			path = Slot_Machine;
			sourceTree = "<group>";
		};
/* End PBXGroup section */

/* Begin PBXNativeTarget section */
		F40FAB5E23CACCD1005C7565 /* Slot_Machine */ = {
			isa = PBXNativeTarget;
			buildConfigurationList = F40FAB7123CACCD2005C7565 /* Build configuration list for PBXNativeTarget "Slot_Machine" */;
			buildPhases = (
				F40FAB5B23CACCD1005C7565 /* Sources */,
				F40FAB5C23CACCD1005C7565 /* Frameworks */,
				F40FAB5D23CACCD1005C7565 /* Resources */,
			);
			buildRules = (
			);
			dependencies = (
			);
			name = Slot_Machine;
			productName = Slot_Machine;
			productReference = F40FAB5F23CACCD1005C7565 /* Slot_Machine.app */;
			productType = "com.apple.product-type.application";
		};
/* End PBXNativeTarget section */

/* Begin PBXProject section */
		F40FAB5723CACCD1005C7565 /* Project object */ = {
			isa = PBXProject;
			attributes = {
				LastSwiftUpdateCheck = 1030;
				LastUpgradeCheck = 1030;
				ORGANIZATIONNAME = "Jackpot-Wizards";
				TargetAttributes = {
					F40FAB5E23CACCD1005C7565 = {
						CreatedOnToolsVersion = 10.3;
					};
				};
			};
			buildConfigurationList = F40FAB5A23CACCD1005C7565 /* Build configuration list for PBXProject "Slot_Machine" */;
			compatibilityVersion = "Xcode 9.3";
			developmentRegion = en;
			hasScannedForEncodings = 0;
			knownRegions = (
				en,
				Base,
			);
			mainGroup = F40FAB5623CACCD1005C7565;
			productRefGroup = F40FAB6023CACCD1005C7565 /* Products */;
			projectDirPath = "";
			projectRoot = "";
			targets = (
				F40FAB5E23CACCD1005C7565 /* Slot_Machine */,
			);
		};
/* End PBXProject section */

/* Begin PBXResourcesBuildPhase section */
		F40FAB5D23CACCD1005C7565 /* Resources */ = {
			isa = PBXResourcesBuildPhase;
			buildActionMask = 2147483647;
			files = (
				3095B4CE23CE6E1600248F4D /* Calculator.ttf in Resources */,
				F40FAB6D23CACCD2005C7565 /* LaunchScreen.storyboard in Resources */,
				F40FAB6A23CACCD2005C7565 /* Assets.xcassets in Resources */,
				F40FAB6823CACCD1005C7565 /* Main.storyboard in Resources */,
			);
			runOnlyForDeploymentPostprocessing = 0;
		};
/* End PBXResourcesBuildPhase section */

/* Begin PBXSourcesBuildPhase section */
		F40FAB5B23CACCD1005C7565 /* Sources */ = {
			isa = PBXSourcesBuildPhase;
			buildActionMask = 2147483647;
			files = (
				F40FAB7723CACE51005C7565 /* Player.swift in Sources */,
				F40FAB7923CAE360005C7565 /* Exception.swift in Sources */,
				F41049D423CD470C00200A68 /* CustomButton.swift in Sources */,
				F40FAB6523CACCD1005C7565 /* ViewController.swift in Sources */,
				F40FAB7B23CAE6E6005C7565 /* PlayerStatistics.swift in Sources */,
				F40FAB6323CACCD1005C7565 /* AppDelegate.swift in Sources */,
				F40FAB7523CACE3C005C7565 /* SlotMachine.swift in Sources */,
			);
			runOnlyForDeploymentPostprocessing = 0;
		};
/* End PBXSourcesBuildPhase section */

/* Begin PBXVariantGroup section */
		F40FAB6623CACCD1005C7565 /* Main.storyboard */ = {
			isa = PBXVariantGroup;
			children = (
				F40FAB6723CACCD1005C7565 /* Base */,
			);
			name = Main.storyboard;
			sourceTree = "<group>";
		};
		F40FAB6B23CACCD2005C7565 /* LaunchScreen.storyboard */ = {
			isa = PBXVariantGroup;
			children = (
				F40FAB6C23CACCD2005C7565 /* Base */,
			);
			name = LaunchScreen.storyboard;
			sourceTree = "<group>";
		};
/* End PBXVariantGroup section */

/* Begin XCBuildConfiguration section */
		F40FAB6F23CACCD2005C7565 /* Debug */ = {
			isa = XCBuildConfiguration;
			buildSettings = {
				ALWAYS_SEARCH_USER_PATHS = NO;
				CLANG_ANALYZER_NONNULL = YES;
				CLANG_ANALYZER_NUMBER_OBJECT_CONVERSION = YES_AGGRESSIVE;
				CLANG_CXX_LANGUAGE_STANDARD = "gnu++14";
				CLANG_CXX_LIBRARY = "libc++";
				CLANG_ENABLE_MODULES = YES;
				CLANG_ENABLE_OBJC_ARC = YES;
				CLANG_ENABLE_OBJC_WEAK = YES;
				CLANG_WARN_BLOCK_CAPTURE_AUTORELEASING = YES;
				CLANG_WARN_BOOL_CONVERSION = YES;
				CLANG_WARN_COMMA = YES;
				CLANG_WARN_CONSTANT_CONVERSION = YES;
				CLANG_WARN_DEPRECATED_OBJC_IMPLEMENTATIONS = YES;
				CLANG_WARN_DIRECT_OBJC_ISA_USAGE = YES_ERROR;
				CLANG_WARN_DOCUMENTATION_COMMENTS = YES;
				CLANG_WARN_EMPTY_BODY = YES;
				CLANG_WARN_ENUM_CONVERSION = YES;
				CLANG_WARN_INFINITE_RECURSION = YES;
				CLANG_WARN_INT_CONVERSION = YES;
				CLANG_WARN_NON_LITERAL_NULL_CONVERSION = YES;
				CLANG_WARN_OBJC_IMPLICIT_RETAIN_SELF = YES;
				CLANG_WARN_OBJC_LITERAL_CONVERSION = YES;
				CLANG_WARN_OBJC_ROOT_CLASS = YES_ERROR;
				CLANG_WARN_RANGE_LOOP_ANALYSIS = YES;
				CLANG_WARN_STRICT_PROTOTYPES = YES;
				CLANG_WARN_SUSPICIOUS_MOVE = YES;
				CLANG_WARN_UNGUARDED_AVAILABILITY = YES_AGGRESSIVE;
				CLANG_WARN_UNREACHABLE_CODE = YES;
				CLANG_WARN__DUPLICATE_METHOD_MATCH = YES;
				CODE_SIGN_IDENTITY = "iPhone Developer";
				COPY_PHASE_STRIP = NO;
				DEBUG_INFORMATION_FORMAT = dwarf;
				ENABLE_STRICT_OBJC_MSGSEND = YES;
				ENABLE_TESTABILITY = YES;
				GCC_C_LANGUAGE_STANDARD = gnu11;
				GCC_DYNAMIC_NO_PIC = NO;
				GCC_NO_COMMON_BLOCKS = YES;
				GCC_OPTIMIZATION_LEVEL = 0;
				GCC_PREPROCESSOR_DEFINITIONS = (
					"DEBUG=1",
					"$(inherited)",
				);
				GCC_WARN_64_TO_32_BIT_CONVERSION = YES;
				GCC_WARN_ABOUT_RETURN_TYPE = YES_ERROR;
				GCC_WARN_UNDECLARED_SELECTOR = YES;
				GCC_WARN_UNINITIALIZED_AUTOS = YES_AGGRESSIVE;
				GCC_WARN_UNUSED_FUNCTION = YES;
				GCC_WARN_UNUSED_VARIABLE = YES;
				IPHONEOS_DEPLOYMENT_TARGET = 12.4;
				MTL_ENABLE_DEBUG_INFO = INCLUDE_SOURCE;
				MTL_FAST_MATH = YES;
				ONLY_ACTIVE_ARCH = YES;
				SDKROOT = iphoneos;
				SWIFT_ACTIVE_COMPILATION_CONDITIONS = DEBUG;
				SWIFT_OPTIMIZATION_LEVEL = "-Onone";
			};
			name = Debug;
		};
		F40FAB7023CACCD2005C7565 /* Release */ = {
			isa = XCBuildConfiguration;
			buildSettings = {
				ALWAYS_SEARCH_USER_PATHS = NO;
				CLANG_ANALYZER_NONNULL = YES;
				CLANG_ANALYZER_NUMBER_OBJECT_CONVERSION = YES_AGGRESSIVE;
				CLANG_CXX_LANGUAGE_STANDARD = "gnu++14";
				CLANG_CXX_LIBRARY = "libc++";
				CLANG_ENABLE_MODULES = YES;
				CLANG_ENABLE_OBJC_ARC = YES;
				CLANG_ENABLE_OBJC_WEAK = YES;
				CLANG_WARN_BLOCK_CAPTURE_AUTORELEASING = YES;
				CLANG_WARN_BOOL_CONVERSION = YES;
				CLANG_WARN_COMMA = YES;
				CLANG_WARN_CONSTANT_CONVERSION = YES;
				CLANG_WARN_DEPRECATED_OBJC_IMPLEMENTATIONS = YES;
				CLANG_WARN_DIRECT_OBJC_ISA_USAGE = YES_ERROR;
				CLANG_WARN_DOCUMENTATION_COMMENTS = YES;
				CLANG_WARN_EMPTY_BODY = YES;
				CLANG_WARN_ENUM_CONVERSION = YES;
				CLANG_WARN_INFINITE_RECURSION = YES;
				CLANG_WARN_INT_CONVERSION = YES;
				CLANG_WARN_NON_LITERAL_NULL_CONVERSION = YES;
				CLANG_WARN_OBJC_IMPLICIT_RETAIN_SELF = YES;
				CLANG_WARN_OBJC_LITERAL_CONVERSION = YES;
				CLANG_WARN_OBJC_ROOT_CLASS = YES_ERROR;
				CLANG_WARN_RANGE_LOOP_ANALYSIS = YES;
				CLANG_WARN_STRICT_PROTOTYPES = YES;
				CLANG_WARN_SUSPICIOUS_MOVE = YES;
				CLANG_WARN_UNGUARDED_AVAILABILITY = YES_AGGRESSIVE;
				CLANG_WARN_UNREACHABLE_CODE = YES;
				CLANG_WARN__DUPLICATE_METHOD_MATCH = YES;
				CODE_SIGN_IDENTITY = "iPhone Developer";
				COPY_PHASE_STRIP = NO;
				DEBUG_INFORMATION_FORMAT = "dwarf-with-dsym";
				ENABLE_NS_ASSERTIONS = NO;
				ENABLE_STRICT_OBJC_MSGSEND = YES;
				GCC_C_LANGUAGE_STANDARD = gnu11;
				GCC_NO_COMMON_BLOCKS = YES;
				GCC_WARN_64_TO_32_BIT_CONVERSION = YES;
				GCC_WARN_ABOUT_RETURN_TYPE = YES_ERROR;
				GCC_WARN_UNDECLARED_SELECTOR = YES;
				GCC_WARN_UNINITIALIZED_AUTOS = YES_AGGRESSIVE;
				GCC_WARN_UNUSED_FUNCTION = YES;
				GCC_WARN_UNUSED_VARIABLE = YES;
				IPHONEOS_DEPLOYMENT_TARGET = 12.4;
				MTL_ENABLE_DEBUG_INFO = NO;
				MTL_FAST_MATH = YES;
				SDKROOT = iphoneos;
				SWIFT_COMPILATION_MODE = wholemodule;
				SWIFT_OPTIMIZATION_LEVEL = "-O";
				VALIDATE_PRODUCT = YES;
			};
			name = Release;
		};
		F40FAB7223CACCD2005C7565 /* Debug */ = {
			isa = XCBuildConfiguration;
			buildSettings = {
				ASSETCATALOG_COMPILER_APPICON_NAME = AppIcon;
				CODE_SIGN_STYLE = Automatic;
				DEVELOPMENT_TEAM = 2BULHRS882;
				INFOPLIST_FILE = Slot_Machine/Info.plist;
				LD_RUNPATH_SEARCH_PATHS = (
					"$(inherited)",
					"@executable_path/Frameworks",
				);
				PRODUCT_BUNDLE_IDENTIFIER = "com.Slot-Machine";
				PRODUCT_NAME = "$(TARGET_NAME)";
				SWIFT_VERSION = 5.0;
				TARGETED_DEVICE_FAMILY = "1,2";
			};
			name = Debug;
		};
		F40FAB7323CACCD2005C7565 /* Release */ = {
			isa = XCBuildConfiguration;
			buildSettings = {
				ASSETCATALOG_COMPILER_APPICON_NAME = AppIcon;
				CODE_SIGN_STYLE = Automatic;
				DEVELOPMENT_TEAM = 2BULHRS882;
				INFOPLIST_FILE = Slot_Machine/Info.plist;
				LD_RUNPATH_SEARCH_PATHS = (
					"$(inherited)",
					"@executable_path/Frameworks",
				);
				PRODUCT_BUNDLE_IDENTIFIER = "com.Slot-Machine";
				PRODUCT_NAME = "$(TARGET_NAME)";
				SWIFT_VERSION = 5.0;
				TARGETED_DEVICE_FAMILY = "1,2";
			};
			name = Release;
		};
/* End XCBuildConfiguration section */

/* Begin XCConfigurationList section */
		F40FAB5A23CACCD1005C7565 /* Build configuration list for PBXProject "Slot_Machine" */ = {
			isa = XCConfigurationList;
			buildConfigurations = (
				F40FAB6F23CACCD2005C7565 /* Debug */,
				F40FAB7023CACCD2005C7565 /* Release */,
			);
			defaultConfigurationIsVisible = 0;
			defaultConfigurationName = Release;
		};
		F40FAB7123CACCD2005C7565 /* Build configuration list for PBXNativeTarget "Slot_Machine" */ = {
			isa = XCConfigurationList;
			buildConfigurations = (
				F40FAB7223CACCD2005C7565 /* Debug */,
				F40FAB7323CACCD2005C7565 /* Release */,
			);
			defaultConfigurationIsVisible = 0;
			defaultConfigurationName = Release;
		};
/* End XCConfigurationList section */
	};
	rootObject = F40FAB5723CACCD1005C7565 /* Project object */;
}
